dependencies:
- name: qdrant
  repository: https://qdrant.github.io/qdrant-helm
  version: 1.13.4
- name: redis
  repository: https://charts.bitnami.com/bitnami
  version: 20.10.0
digest: sha256:bb2328107b9bb09fafd2e397e343698416068c2fbee145d460d07300bd370d65
generated: "2025-03-02T00:04:26.871557271-08:00"
